
Microsoft Visual Studio Solution File, Format Version 12.00
# Visual Studio 14
VisualStudioVersion = 14.0.25420.1
MinimumVisualStudioVersion = 10.0.40219.1
Project("{FAE04EC0-301F-11D3-BF4B-00C04F79EFBC}") = "DAO", "DataAccess\DAO.csproj", "{A8526D30-CD8A-4AB7-8CF0-835485814FC2}"
EndProject
Project("{FAE04EC0-301F-11D3-BF4B-00C04F79EFBC}") = "Model", "BusinessRules\Model.csproj", "{A6C6F00A-1D29-46FB-AC2D-2E3346EFC058}"
EndProject
Project("{FAE04EC0-301F-11D3-BF4B-00C04F79EFBC}") = "View", "UserInterface\View.csproj", "{9382DEC0-F559-4CE4-B453-E88DA2A748DF}"
EndProject
Project("{FAE04EC0-301F-11D3-BF4B-00C04F79EFBC}") = "DTO", "DTO\DTO.csproj", "{17B7DACD-8015-4B17-B65E-93305B2CB2F3}"
EndProject
Project("{FAE04EC0-301F-11D3-BF4B-00C04F79EFBC}") = "Presenter", "Presenter\Presenter.csproj", "{3D977405-5BE0-445E-85E9-67D894B9ED0B}"
EndProject
Project("{FAE04EC0-301F-11D3-BF4B-00C04F79EFBC}") = "X_Web_Rommanel", "X_Web_Rommanel\X_Web_Rommanel.csproj", "{D7FB0C99-1184-46B3-A2EB-A76001851608}"
EndProject
Global
	GlobalSection(SolutionConfigurationPlatforms) = preSolution
		Debug|Any CPU = Debug|Any CPU
		Release|Any CPU = Release|Any CPU
	EndGlobalSection
	GlobalSection(ProjectConfigurationPlatforms) = postSolution
		{A8526D30-CD8A-4AB7-8CF0-835485814FC2}.Debug|Any CPU.ActiveCfg = Debug|Any CPU
		{A8526D30-CD8A-4AB7-8CF0-835485814FC2}.Debug|Any CPU.Build.0 = Debug|Any CPU
		{A8526D30-CD8A-4AB7-8CF0-835485814FC2}.Release|Any CPU.ActiveCfg = Release|Any CPU
		{A8526D30-CD8A-4AB7-8CF0-835485814FC2}.Release|Any CPU.Build.0 = Release|Any CPU
		{A6C6F00A-1D29-46FB-AC2D-2E3346EFC058}.Debug|Any CPU.ActiveCfg = Debug|Any CPU
		{A6C6F00A-1D29-46FB-AC2D-2E3346EFC058}.Debug|Any CPU.Build.0 = Debug|Any CPU
		{A6C6F00A-1D29-46FB-AC2D-2E3346EFC058}.Release|Any CPU.ActiveCfg = Release|Any CPU
		{A6C6F00A-1D29-46FB-AC2D-2E3346EFC058}.Release|Any CPU.Build.0 = Release|Any CPU
		{9382DEC0-F559-4CE4-B453-E88DA2A748DF}.Debug|Any CPU.ActiveCfg = Debug|Any CPU
		{9382DEC0-F559-4CE4-B453-E88DA2A748DF}.Debug|Any CPU.Build.0 = Debug|Any CPU
		{9382DEC0-F559-4CE4-B453-E88DA2A748DF}.Release|Any CPU.ActiveCfg = Release|Any CPU
		{9382DEC0-F559-4CE4-B453-E88DA2A748DF}.Release|Any CPU.Build.0 = Release|Any CPU
		{17B7DACD-8015-4B17-B65E-93305B2CB2F3}.Debug|Any CPU.ActiveCfg = Debug|Any CPU
		{17B7DACD-8015-4B17-B65E-93305B2CB2F3}.Debug|Any CPU.Build.0 = Debug|Any CPU
		{17B7DACD-8015-4B17-B65E-93305B2CB2F3}.Release|Any CPU.ActiveCfg = Release|Any CPU
		{17B7DACD-8015-4B17-B65E-93305B2CB2F3}.Release|Any CPU.Build.0 = Release|Any CPU
		{3D977405-5BE0-445E-85E9-67D894B9ED0B}.Debug|Any CPU.ActiveCfg = Debug|Any CPU
		{3D977405-5BE0-445E-85E9-67D894B9ED0B}.Debug|Any CPU.Build.0 = Debug|Any CPU
		{3D977405-5BE0-445E-85E9-67D894B9ED0B}.Release|Any CPU.ActiveCfg = Release|Any CPU
		{3D977405-5BE0-445E-85E9-67D894B9ED0B}.Release|Any CPU.Build.0 = Release|Any CPU
		{D7FB0C99-1184-46B3-A2EB-A76001851608}.Debug|Any CPU.ActiveCfg = Debug|Any CPU
		{D7FB0C99-1184-46B3-A2EB-A76001851608}.Debug|Any CPU.Build.0 = Debug|Any CPU
		{D7FB0C99-1184-46B3-A2EB-A76001851608}.Release|Any CPU.ActiveCfg = Release|Any CPU
		{D7FB0C99-1184-46B3-A2EB-A76001851608}.Release|Any CPU.Build.0 = Release|Any CPU
	EndGlobalSection
	GlobalSection(SolutionProperties) = preSolution
		HideSolutionNode = FALSE
	EndGlobalSection
EndGlobal
